
Microsoft Visual Studio Solution File, Format Version 12.00
# Visual Studio 15
VisualStudioVersion = 15.0.26430.14
MinimumVisualStudioVersion = 10.0.40219.1
Project("{8BC9CEB8-8B4A-11D0-8D11-00A0C91BC942}") = "Graphics", "Graphics\Graphics.vcxproj", "{C7CEA306-41E6-4207-AAA1-FC5C7464212A}"
EndProject
Project("{8BC9CEB8-8B4A-11D0-8D11-00A0C91BC942}") = "Physics", "Physics\Physics.vcxproj", "{46F90EA6-A612-4686-B303-B2DCDF1AA520}"
EndProject
Global
	GlobalSection(SolutionConfigurationPlatforms) = preSolution
		Debug|x64 = Debug|x64
		Debug|x86 = Debug|x86
		Release|x64 = Release|x64
		Release|x86 = Release|x86
	EndGlobalSection
	GlobalSection(ProjectConfigurationPlatforms) = postSolution
		{C7CEA306-41E6-4207-AAA1-FC5C7464212A}.Debug|x64.ActiveCfg = Debug|x64
		{C7CEA306-41E6-4207-AAA1-FC5C7464212A}.Debug|x64.Build.0 = Debug|x64
		{C7CEA306-41E6-4207-AAA1-FC5C7464212A}.Debug|x86.ActiveCfg = Debug|Win32
		{C7CEA306-41E6-4207-AAA1-FC5C7464212A}.Debug|x86.Build.0 = Debug|Win32
		{C7CEA306-41E6-4207-AAA1-FC5C7464212A}.Release|x64.ActiveCfg = Release|x64
		{C7CEA306-41E6-4207-AAA1-FC5C7464212A}.Release|x64.Build.0 = Release|x64
		{C7CEA306-41E6-4207-AAA1-FC5C7464212A}.Release|x86.ActiveCfg = Release|Win32
		{C7CEA306-41E6-4207-AAA1-FC5C7464212A}.Release|x86.Build.0 = Release|Win32
		{46F90EA6-A612-4686-B303-B2DCDF1AA520}.Debug|x64.ActiveCfg = Debug|x64
		{46F90EA6-A612-4686-B303-B2DCDF1AA520}.Debug|x64.Build.0 = Debug|x64
		{46F90EA6-A612-4686-B303-B2DCDF1AA520}.Debug|x86.ActiveCfg = Debug|Win32
		{46F90EA6-A612-4686-B303-B2DCDF1AA520}.Debug|x86.Build.0 = Debug|Win32
		{46F90EA6-A612-4686-B303-B2DCDF1AA520}.Release|x64.ActiveCfg = Release|x64
		{46F90EA6-A612-4686-B303-B2DCDF1AA520}.Release|x64.Build.0 = Release|x64
		{46F90EA6-A612-4686-B303-B2DCDF1AA520}.Release|x86.ActiveCfg = Release|Win32
		{46F90EA6-A612-4686-B303-B2DCDF1AA520}.Release|x86.Build.0 = Release|Win32
	EndGlobalSection
	GlobalSection(SolutionProperties) = preSolution
		HideSolutionNode = FALSE
	EndGlobalSection
EndGlobal
